
Microsoft Visual Studio Solution File, Format Version 12.00
# Visual Studio Version 17
VisualStudioVersion = 17.3.32819.101
MinimumVisualStudioVersion = 10.0.40219.1
Project("{9A19103F-16F7-4668-BE54-9A1E7A4F7556}") = "StringPainter", "StringPainter.csproj", "{98F55621-3FAB-4501-8ACA-8D4A94B40EDD}"
EndProject
Global
	GlobalSection(SolutionConfigurationPlatforms) = preSolution
		Debug|Any CPU = Debug|Any CPU
		Release|Any CPU = Release|Any CPU
	EndGlobalSection
	GlobalSection(ProjectConfigurationPlatforms) = postSolution
		{98F55621-3FAB-4501-8ACA-8D4A94B40EDD}.Debug|Any CPU.ActiveCfg = Debug|Any CPU
		{98F55621-3FAB-4501-8ACA-8D4A94B40EDD}.Debug|Any CPU.Build.0 = Debug|Any CPU
		{98F55621-3FAB-4501-8ACA-8D4A94B40EDD}.Release|Any CPU.ActiveCfg = Release|Any CPU
		{98F55621-3FAB-4501-8ACA-8D4A94B40EDD}.Release|Any CPU.Build.0 = Release|Any CPU
	EndGlobalSection
	GlobalSection(SolutionProperties) = preSolution
		HideSolutionNode = FALSE
	EndGlobalSection
	GlobalSection(ExtensibilityGlobals) = postSolution
		SolutionGuid = {9D821314-8BC8-40A4-BF26-76E2ABFDB409}
	EndGlobalSection
EndGlobal
